
Microsoft Visual Studio Solution File, Format Version 12.00
# Visual Studio 15
VisualStudioVersion = 15.0.27130.2010
MinimumVisualStudioVersion = 10.0.40219.1
Project("{F184B08F-C81C-45F6-A57F-5ABD9991F28F}") = "CSTGvotingsystem", "CSTGvotingsystem\CSTGvotingsystem.vbproj", "{939949B7-CF4D-4DA0-9EED-79C518B30FFE}"
EndProject
Global
	GlobalSection(SolutionConfigurationPlatforms) = preSolution
		Debug|Any CPU = Debug|Any CPU
		Release|Any CPU = Release|Any CPU
	EndGlobalSection
	GlobalSection(ProjectConfigurationPlatforms) = postSolution
		{939949B7-CF4D-4DA0-9EED-79C518B30FFE}.Debug|Any CPU.ActiveCfg = Debug|Any CPU
		{939949B7-CF4D-4DA0-9EED-79C518B30FFE}.Debug|Any CPU.Build.0 = Debug|Any CPU
		{939949B7-CF4D-4DA0-9EED-79C518B30FFE}.Release|Any CPU.ActiveCfg = Release|Any CPU
		{939949B7-CF4D-4DA0-9EED-79C518B30FFE}.Release|Any CPU.Build.0 = Release|Any CPU
	EndGlobalSection
	GlobalSection(SolutionProperties) = preSolution
		HideSolutionNode = FALSE
	EndGlobalSection
	GlobalSection(ExtensibilityGlobals) = postSolution
		SolutionGuid = {F7E1C572-FD03-46AA-8456-1E18EDD4637F}
	EndGlobalSection
EndGlobal
